
Microsoft Visual Studio Solution File, Format Version 12.00
# Visual Studio Version 17
VisualStudioVersion = 17.7.34018.315
MinimumVisualStudioVersion = 10.0.40219.1
Project("{8BC9CEB8-8B4A-11D0-8D11-00A0C91BC942}") = "lychrel", "lychrel\lychrel.vcxproj", "{CB2701AD-C70E-4315-9BBE-F57FDE43853E}"
EndProject
Global
	GlobalSection(SolutionConfigurationPlatforms) = preSolution
		Debug|ARM64 = Debug|ARM64
		Debug|x64 = Debug|x64
		Debug|x86 = Debug|x86
		Release|ARM64 = Release|ARM64
		Release|x64 = Release|x64
		Release|x86 = Release|x86
	EndGlobalSection
	GlobalSection(ProjectConfigurationPlatforms) = postSolution
		{CB2701AD-C70E-4315-9BBE-F57FDE43853E}.Debug|ARM64.ActiveCfg = Debug|ARM64
		{CB2701AD-C70E-4315-9BBE-F57FDE43853E}.Debug|ARM64.Build.0 = Debug|ARM64
		{CB2701AD-C70E-4315-9BBE-F57FDE43853E}.Debug|x64.ActiveCfg = Debug|x64
		{CB2701AD-C70E-4315-9BBE-F57FDE43853E}.Debug|x64.Build.0 = Debug|x64
		{CB2701AD-C70E-4315-9BBE-F57FDE43853E}.Debug|x86.ActiveCfg = Debug|Win32
		{CB2701AD-C70E-4315-9BBE-F57FDE43853E}.Debug|x86.Build.0 = Debug|Win32
		{CB2701AD-C70E-4315-9BBE-F57FDE43853E}.Release|ARM64.ActiveCfg = Release|ARM64
		{CB2701AD-C70E-4315-9BBE-F57FDE43853E}.Release|ARM64.Build.0 = Release|ARM64
		{CB2701AD-C70E-4315-9BBE-F57FDE43853E}.Release|x64.ActiveCfg = Release|x64
		{CB2701AD-C70E-4315-9BBE-F57FDE43853E}.Release|x64.Build.0 = Release|x64
		{CB2701AD-C70E-4315-9BBE-F57FDE43853E}.Release|x86.ActiveCfg = Release|Win32
		{CB2701AD-C70E-4315-9BBE-F57FDE43853E}.Release|x86.Build.0 = Release|Win32
	EndGlobalSection
	GlobalSection(SolutionProperties) = preSolution
		HideSolutionNode = FALSE
	EndGlobalSection
	GlobalSection(ExtensibilityGlobals) = postSolution
		SolutionGuid = {23CA456B-6705-4D63-B9F2-BD2D12FB1680}
	EndGlobalSection
EndGlobal
