
Microsoft Visual Studio Solution File, Format Version 12.00
# Visual Studio Version 17
VisualStudioVersion = 17.7.34018.315
MinimumVisualStudioVersion = 10.0.40219.1
Project("{8BC9CEB8-8B4A-11D0-8D11-00A0C91BC942}") = "ombrelloni", "ombrelloni\ombrelloni.vcxproj", "{B4F3E7CB-0EE8-4C13-BEC0-3D18A95B8294}"
EndProject
Global
	GlobalSection(SolutionConfigurationPlatforms) = preSolution
		Debug|ARM64 = Debug|ARM64
		Debug|x64 = Debug|x64
		Debug|x86 = Debug|x86
		Release|ARM64 = Release|ARM64
		Release|x64 = Release|x64
		Release|x86 = Release|x86
	EndGlobalSection
	GlobalSection(ProjectConfigurationPlatforms) = postSolution
		{B4F3E7CB-0EE8-4C13-BEC0-3D18A95B8294}.Debug|ARM64.ActiveCfg = Debug|ARM64
		{B4F3E7CB-0EE8-4C13-BEC0-3D18A95B8294}.Debug|ARM64.Build.0 = Debug|ARM64
		{B4F3E7CB-0EE8-4C13-BEC0-3D18A95B8294}.Debug|x64.ActiveCfg = Debug|x64
		{B4F3E7CB-0EE8-4C13-BEC0-3D18A95B8294}.Debug|x64.Build.0 = Debug|x64
		{B4F3E7CB-0EE8-4C13-BEC0-3D18A95B8294}.Debug|x86.ActiveCfg = Debug|Win32
		{B4F3E7CB-0EE8-4C13-BEC0-3D18A95B8294}.Debug|x86.Build.0 = Debug|Win32
		{B4F3E7CB-0EE8-4C13-BEC0-3D18A95B8294}.Release|ARM64.ActiveCfg = Release|ARM64
		{B4F3E7CB-0EE8-4C13-BEC0-3D18A95B8294}.Release|ARM64.Build.0 = Release|ARM64
		{B4F3E7CB-0EE8-4C13-BEC0-3D18A95B8294}.Release|x64.ActiveCfg = Release|x64
		{B4F3E7CB-0EE8-4C13-BEC0-3D18A95B8294}.Release|x64.Build.0 = Release|x64
		{B4F3E7CB-0EE8-4C13-BEC0-3D18A95B8294}.Release|x86.ActiveCfg = Release|Win32
		{B4F3E7CB-0EE8-4C13-BEC0-3D18A95B8294}.Release|x86.Build.0 = Release|Win32
	EndGlobalSection
	GlobalSection(SolutionProperties) = preSolution
		HideSolutionNode = FALSE
	EndGlobalSection
	GlobalSection(ExtensibilityGlobals) = postSolution
		SolutionGuid = {405382FB-E949-48C9-98CD-41A570B96BB9}
	EndGlobalSection
EndGlobal
