
Microsoft Visual Studio Solution File, Format Version 12.00
# Visual Studio Version 17
VisualStudioVersion = 17.7.34018.315
MinimumVisualStudioVersion = 10.0.40219.1
Project("{8BC9CEB8-8B4A-11D0-8D11-00A0C91BC942}") = "parole_t9", "parole_t9\parole_t9.vcxproj", "{7C2D9F64-E4EB-41C2-9536-3E5A6B168DDB}"
EndProject
Global
	GlobalSection(SolutionConfigurationPlatforms) = preSolution
		Debug|ARM64 = Debug|ARM64
		Debug|x64 = Debug|x64
		Debug|x86 = Debug|x86
		Release|ARM64 = Release|ARM64
		Release|x64 = Release|x64
		Release|x86 = Release|x86
	EndGlobalSection
	GlobalSection(ProjectConfigurationPlatforms) = postSolution
		{7C2D9F64-E4EB-41C2-9536-3E5A6B168DDB}.Debug|ARM64.ActiveCfg = Debug|ARM64
		{7C2D9F64-E4EB-41C2-9536-3E5A6B168DDB}.Debug|ARM64.Build.0 = Debug|ARM64
		{7C2D9F64-E4EB-41C2-9536-3E5A6B168DDB}.Debug|x64.ActiveCfg = Debug|x64
		{7C2D9F64-E4EB-41C2-9536-3E5A6B168DDB}.Debug|x64.Build.0 = Debug|x64
		{7C2D9F64-E4EB-41C2-9536-3E5A6B168DDB}.Debug|x86.ActiveCfg = Debug|Win32
		{7C2D9F64-E4EB-41C2-9536-3E5A6B168DDB}.Debug|x86.Build.0 = Debug|Win32
		{7C2D9F64-E4EB-41C2-9536-3E5A6B168DDB}.Release|ARM64.ActiveCfg = Release|ARM64
		{7C2D9F64-E4EB-41C2-9536-3E5A6B168DDB}.Release|ARM64.Build.0 = Release|ARM64
		{7C2D9F64-E4EB-41C2-9536-3E5A6B168DDB}.Release|x64.ActiveCfg = Release|x64
		{7C2D9F64-E4EB-41C2-9536-3E5A6B168DDB}.Release|x64.Build.0 = Release|x64
		{7C2D9F64-E4EB-41C2-9536-3E5A6B168DDB}.Release|x86.ActiveCfg = Release|Win32
		{7C2D9F64-E4EB-41C2-9536-3E5A6B168DDB}.Release|x86.Build.0 = Release|Win32
	EndGlobalSection
	GlobalSection(SolutionProperties) = preSolution
		HideSolutionNode = FALSE
	EndGlobalSection
	GlobalSection(ExtensibilityGlobals) = postSolution
		SolutionGuid = {0E32DFDF-F709-48F6-88D6-7CF7C7DEBD67}
	EndGlobalSection
EndGlobal
