
Microsoft Visual Studio Solution File, Format Version 12.00
# Visual Studio Version 17
VisualStudioVersion = 17.7.34018.315
MinimumVisualStudioVersion = 10.0.40219.1
Project("{8BC9CEB8-8B4A-11D0-8D11-00A0C91BC942}") = "campo_solare", "campo_solare\campo_solare.vcxproj", "{FDFCA155-2D4D-43B0-9576-CD66BB5B1DEE}"
EndProject
Global
	GlobalSection(SolutionConfigurationPlatforms) = preSolution
		Debug|ARM64 = Debug|ARM64
		Debug|x64 = Debug|x64
		Debug|x86 = Debug|x86
		Release|ARM64 = Release|ARM64
		Release|x64 = Release|x64
		Release|x86 = Release|x86
	EndGlobalSection
	GlobalSection(ProjectConfigurationPlatforms) = postSolution
		{FDFCA155-2D4D-43B0-9576-CD66BB5B1DEE}.Debug|ARM64.ActiveCfg = Debug|ARM64
		{FDFCA155-2D4D-43B0-9576-CD66BB5B1DEE}.Debug|ARM64.Build.0 = Debug|ARM64
		{FDFCA155-2D4D-43B0-9576-CD66BB5B1DEE}.Debug|x64.ActiveCfg = Debug|x64
		{FDFCA155-2D4D-43B0-9576-CD66BB5B1DEE}.Debug|x64.Build.0 = Debug|x64
		{FDFCA155-2D4D-43B0-9576-CD66BB5B1DEE}.Debug|x86.ActiveCfg = Debug|Win32
		{FDFCA155-2D4D-43B0-9576-CD66BB5B1DEE}.Debug|x86.Build.0 = Debug|Win32
		{FDFCA155-2D4D-43B0-9576-CD66BB5B1DEE}.Release|ARM64.ActiveCfg = Release|ARM64
		{FDFCA155-2D4D-43B0-9576-CD66BB5B1DEE}.Release|ARM64.Build.0 = Release|ARM64
		{FDFCA155-2D4D-43B0-9576-CD66BB5B1DEE}.Release|x64.ActiveCfg = Release|x64
		{FDFCA155-2D4D-43B0-9576-CD66BB5B1DEE}.Release|x64.Build.0 = Release|x64
		{FDFCA155-2D4D-43B0-9576-CD66BB5B1DEE}.Release|x86.ActiveCfg = Release|Win32
		{FDFCA155-2D4D-43B0-9576-CD66BB5B1DEE}.Release|x86.Build.0 = Release|Win32
	EndGlobalSection
	GlobalSection(SolutionProperties) = preSolution
		HideSolutionNode = FALSE
	EndGlobalSection
	GlobalSection(ExtensibilityGlobals) = postSolution
		SolutionGuid = {C0660957-AC32-4937-B823-55A824AA80B2}
	EndGlobalSection
EndGlobal
