
Microsoft Visual Studio Solution File, Format Version 12.00
# Visual Studio Version 17
VisualStudioVersion = 17.7.34018.315
MinimumVisualStudioVersion = 10.0.40219.1
Project("{8BC9CEB8-8B4A-11D0-8D11-00A0C91BC942}") = "vector2bst", "vector2bst\vector2bst.vcxproj", "{51DB7DD5-3955-45BB-BDB3-C20675D9DD5B}"
EndProject
Global
	GlobalSection(SolutionConfigurationPlatforms) = preSolution
		Debug|ARM64 = Debug|ARM64
		Debug|x64 = Debug|x64
		Debug|x86 = Debug|x86
		Release|ARM64 = Release|ARM64
		Release|x64 = Release|x64
		Release|x86 = Release|x86
	EndGlobalSection
	GlobalSection(ProjectConfigurationPlatforms) = postSolution
		{51DB7DD5-3955-45BB-BDB3-C20675D9DD5B}.Debug|ARM64.ActiveCfg = Debug|ARM64
		{51DB7DD5-3955-45BB-BDB3-C20675D9DD5B}.Debug|ARM64.Build.0 = Debug|ARM64
		{51DB7DD5-3955-45BB-BDB3-C20675D9DD5B}.Debug|x64.ActiveCfg = Debug|x64
		{51DB7DD5-3955-45BB-BDB3-C20675D9DD5B}.Debug|x64.Build.0 = Debug|x64
		{51DB7DD5-3955-45BB-BDB3-C20675D9DD5B}.Debug|x86.ActiveCfg = Debug|Win32
		{51DB7DD5-3955-45BB-BDB3-C20675D9DD5B}.Debug|x86.Build.0 = Debug|Win32
		{51DB7DD5-3955-45BB-BDB3-C20675D9DD5B}.Release|ARM64.ActiveCfg = Release|ARM64
		{51DB7DD5-3955-45BB-BDB3-C20675D9DD5B}.Release|ARM64.Build.0 = Release|ARM64
		{51DB7DD5-3955-45BB-BDB3-C20675D9DD5B}.Release|x64.ActiveCfg = Release|x64
		{51DB7DD5-3955-45BB-BDB3-C20675D9DD5B}.Release|x64.Build.0 = Release|x64
		{51DB7DD5-3955-45BB-BDB3-C20675D9DD5B}.Release|x86.ActiveCfg = Release|Win32
		{51DB7DD5-3955-45BB-BDB3-C20675D9DD5B}.Release|x86.Build.0 = Release|Win32
	EndGlobalSection
	GlobalSection(SolutionProperties) = preSolution
		HideSolutionNode = FALSE
	EndGlobalSection
	GlobalSection(ExtensibilityGlobals) = postSolution
		SolutionGuid = {C0BCEE90-4BC0-4A3F-91BC-87319A298C67}
	EndGlobalSection
EndGlobal
