
Microsoft Visual Studio Solution File, Format Version 12.00
# Visual Studio Version 17
VisualStudioVersion = 17.4.33110.190
MinimumVisualStudioVersion = 10.0.40219.1
Project("{8BC9CEB8-8B4A-11D0-8D11-00A0C91BC942}") = "sin-x", "sin-x.vcxproj", "{F383F0E9-3D9D-4496-B5D4-651869D20A7E}"
EndProject
Global
	GlobalSection(SolutionConfigurationPlatforms) = preSolution
		Debug|arm64 = Debug|arm64
		Debug|x64 = Debug|x64
		Debug|x86 = Debug|x86
		Release|arm64 = Release|arm64
		Release|x64 = Release|x64
		Release|x86 = Release|x86
	EndGlobalSection
	GlobalSection(ProjectConfigurationPlatforms) = postSolution
		{F383F0E9-3D9D-4496-B5D4-651869D20A7E}.Debug|arm64.ActiveCfg = Debug|arm64
		{F383F0E9-3D9D-4496-B5D4-651869D20A7E}.Debug|arm64.Build.0 = Debug|arm64
		{F383F0E9-3D9D-4496-B5D4-651869D20A7E}.Debug|x64.ActiveCfg = Debug|x64
		{F383F0E9-3D9D-4496-B5D4-651869D20A7E}.Debug|x64.Build.0 = Debug|x64
		{F383F0E9-3D9D-4496-B5D4-651869D20A7E}.Debug|x86.ActiveCfg = Debug|Win32
		{F383F0E9-3D9D-4496-B5D4-651869D20A7E}.Debug|x86.Build.0 = Debug|Win32
		{F383F0E9-3D9D-4496-B5D4-651869D20A7E}.Release|arm64.ActiveCfg = Release|arm64
		{F383F0E9-3D9D-4496-B5D4-651869D20A7E}.Release|arm64.Build.0 = Release|arm64
		{F383F0E9-3D9D-4496-B5D4-651869D20A7E}.Release|x64.ActiveCfg = Release|x64
		{F383F0E9-3D9D-4496-B5D4-651869D20A7E}.Release|x64.Build.0 = Release|x64
		{F383F0E9-3D9D-4496-B5D4-651869D20A7E}.Release|x86.ActiveCfg = Release|Win32
		{F383F0E9-3D9D-4496-B5D4-651869D20A7E}.Release|x86.Build.0 = Release|Win32
	EndGlobalSection
	GlobalSection(SolutionProperties) = preSolution
		HideSolutionNode = FALSE
	EndGlobalSection
	GlobalSection(ExtensibilityGlobals) = postSolution
		SolutionGuid = {9E36AA43-DE00-44D5-AB38-9399DABD5B65}
	EndGlobalSection
EndGlobal
