
Microsoft Visual Studio Solution File, Format Version 12.00
# Visual Studio Version 17
VisualStudioVersion = 17.4.33110.190
MinimumVisualStudioVersion = 10.0.40219.1
Project("{8BC9CEB8-8B4A-11D0-8D11-00A0C91BC942}") = "queens", "queens.vcxproj", "{64ECE9C9-1B68-4C2E-949F-D86B2207C671}"
EndProject
Global
	GlobalSection(SolutionConfigurationPlatforms) = preSolution
		Debug|arm64 = Debug|arm64
		Debug|x64 = Debug|x64
		Debug|x86 = Debug|x86
		Release|arm64 = Release|arm64
		Release|x64 = Release|x64
		Release|x86 = Release|x86
	EndGlobalSection
	GlobalSection(ProjectConfigurationPlatforms) = postSolution
		{64ECE9C9-1B68-4C2E-949F-D86B2207C671}.Debug|arm64.ActiveCfg = Debug|arm64
		{64ECE9C9-1B68-4C2E-949F-D86B2207C671}.Debug|arm64.Build.0 = Debug|arm64
		{64ECE9C9-1B68-4C2E-949F-D86B2207C671}.Debug|x64.ActiveCfg = Debug|x64
		{64ECE9C9-1B68-4C2E-949F-D86B2207C671}.Debug|x64.Build.0 = Debug|x64
		{64ECE9C9-1B68-4C2E-949F-D86B2207C671}.Debug|x86.ActiveCfg = Debug|Win32
		{64ECE9C9-1B68-4C2E-949F-D86B2207C671}.Debug|x86.Build.0 = Debug|Win32
		{64ECE9C9-1B68-4C2E-949F-D86B2207C671}.Release|arm64.ActiveCfg = Release|arm64
		{64ECE9C9-1B68-4C2E-949F-D86B2207C671}.Release|arm64.Build.0 = Release|arm64
		{64ECE9C9-1B68-4C2E-949F-D86B2207C671}.Release|x64.ActiveCfg = Release|x64
		{64ECE9C9-1B68-4C2E-949F-D86B2207C671}.Release|x64.Build.0 = Release|x64
		{64ECE9C9-1B68-4C2E-949F-D86B2207C671}.Release|x86.ActiveCfg = Release|Win32
		{64ECE9C9-1B68-4C2E-949F-D86B2207C671}.Release|x86.Build.0 = Release|Win32
	EndGlobalSection
	GlobalSection(SolutionProperties) = preSolution
		HideSolutionNode = FALSE
	EndGlobalSection
	GlobalSection(ExtensibilityGlobals) = postSolution
		SolutionGuid = {5B87EF62-9D53-4EE5-BD52-4196F46888DB}
	EndGlobalSection
EndGlobal
