
Microsoft Visual Studio Solution File, Format Version 12.00
# Visual Studio Version 17
VisualStudioVersion = 17.4.33110.190
MinimumVisualStudioVersion = 10.0.40219.1
Project("{8BC9CEB8-8B4A-11D0-8D11-00A0C91BC942}") = "nonograms", "nonograms.vcxproj", "{712B175C-A574-45DB-83BB-123ACAD05325}"
EndProject
Global
	GlobalSection(SolutionConfigurationPlatforms) = preSolution
		Debug|arm64 = Debug|arm64
		Debug|x64 = Debug|x64
		Debug|x86 = Debug|x86
		Release|arm64 = Release|arm64
		Release|x64 = Release|x64
		Release|x86 = Release|x86
	EndGlobalSection
	GlobalSection(ProjectConfigurationPlatforms) = postSolution
		{712B175C-A574-45DB-83BB-123ACAD05325}.Debug|arm64.ActiveCfg = Debug|arm64
		{712B175C-A574-45DB-83BB-123ACAD05325}.Debug|arm64.Build.0 = Debug|arm64
		{712B175C-A574-45DB-83BB-123ACAD05325}.Debug|x64.ActiveCfg = Debug|x64
		{712B175C-A574-45DB-83BB-123ACAD05325}.Debug|x64.Build.0 = Debug|x64
		{712B175C-A574-45DB-83BB-123ACAD05325}.Debug|x86.ActiveCfg = Debug|Win32
		{712B175C-A574-45DB-83BB-123ACAD05325}.Debug|x86.Build.0 = Debug|Win32
		{712B175C-A574-45DB-83BB-123ACAD05325}.Release|arm64.ActiveCfg = Release|arm64
		{712B175C-A574-45DB-83BB-123ACAD05325}.Release|arm64.Build.0 = Release|arm64
		{712B175C-A574-45DB-83BB-123ACAD05325}.Release|x64.ActiveCfg = Release|x64
		{712B175C-A574-45DB-83BB-123ACAD05325}.Release|x64.Build.0 = Release|x64
		{712B175C-A574-45DB-83BB-123ACAD05325}.Release|x86.ActiveCfg = Release|Win32
		{712B175C-A574-45DB-83BB-123ACAD05325}.Release|x86.Build.0 = Release|Win32
	EndGlobalSection
	GlobalSection(SolutionProperties) = preSolution
		HideSolutionNode = FALSE
	EndGlobalSection
	GlobalSection(ExtensibilityGlobals) = postSolution
		SolutionGuid = {F1851DF6-A457-409D-A488-DC83E49C97DF}
	EndGlobalSection
EndGlobal
